{
  "name": "test",
  "version": "1.0.0",
  "lockfileVersion": 1,
  "requires": true,
  "dependencies": {
    "assertion-error": {
      "version": "1.1.0",
      "resolved": "https://registry.npm.taobao.org/assertion-error/download/assertion-error-1.1.0.tgz"
    },
    "chai": {
      "version": "4.2.0",
      "resolved": "https://registry.npm.taobao.org/chai/download/chai-4.2.0.tgz",
      "integrity": "sha1-dgqnLPION5XoSxKHfODoNzeqKeU=",
      "requires": {
        "assertion-error": "^1.1.0",
        "check-error": "^1.0.2",
        "deep-eql": "^3.0.1",
        "get-func-name": "^2.0.0",
        "pathval": "^1.1.0",
        "type-detect": "^4.0.5"
      }
    },
    "check-error": {
      "version": "1.0.2",
      "resolved": "https://registry.npm.taobao.org/check-error/download/check-error-1.0.2.tgz"
    },
    "deep-eql": {
      "version": "3.0.1",
      "resolved": "https://registry.npm.taobao.org/deep-eql/download/deep-eql-3.0.1.tgz",
      "requires": {
        "type-detect": "^4.0.0"
      },
      "dependencies": {
        "type-detect": {
          "version": "https://registry.npm.taobao.org/type-detect/download/type-detect-4.0.8.tgz"
        }
      }
    },
    "get-func-name": {
      "version": "2.0.0",
      "resolved": "https://registry.npm.taobao.org/get-func-name/download/get-func-name-2.0.0.tgz"
    },
    "pathval": {
      "version": "1.1.0",
      "resolved": "https://registry.npm.taobao.org/pathval/download/pathval-1.1.0.tgz"
    },
    "type-detect": {
      "version": "4.0.8",
      "resolved": "https://registry.npm.taobao.org/type-detect/download/type-detect-4.0.8.tgz"
    }
  }
}
